
Microsoft Visual Studio Solution File, Format Version 12.00
# Visual Studio 2012
Project("{FAE04EC0-301F-11D3-BF4B-00C04F79EFBC}") = "ProspectManagement.Core", "ProspectManagement\ProspectManagement.Core.csproj", "{B6DA674F-598E-4AD8-8791-ACC08C9E27DC}"
EndProject
Project("{FAE04EC0-301F-11D3-BF4B-00C04F79EFBC}") = "ProspectManagement.iOS", "iOS\ProspectManagement.iOS.csproj", "{53078905-1D15-4441-9B41-569DE902177F}"
EndProject
Project("{2150E333-8FDC-42A3-9474-1A3956D46DE8}") = "Solution Items", "Solution Items", "{329EF72C-2850-49F6-83F9-08E2B000FA3C}"
	ProjectSection(SolutionItems) = preProject
		appcenter-pre-build.sh = appcenter-pre-build.sh
	EndProjectSection
EndProject
Global
	GlobalSection(SolutionConfigurationPlatforms) = preSolution
		Debug|Any CPU = Debug|Any CPU
		Release|Any CPU = Release|Any CPU
		Debug|iPhoneSimulator = Debug|iPhoneSimulator
		Release|iPhone = Release|iPhone
		Release|iPhoneSimulator = Release|iPhoneSimulator
		Debug|iPhone = Debug|iPhone
	EndGlobalSection
	GlobalSection(ProjectConfigurationPlatforms) = postSolution
		{B6DA674F-598E-4AD8-8791-ACC08C9E27DC}.Debug|Any CPU.ActiveCfg = Debug|Any CPU
		{B6DA674F-598E-4AD8-8791-ACC08C9E27DC}.Debug|Any CPU.Build.0 = Debug|Any CPU
		{B6DA674F-598E-4AD8-8791-ACC08C9E27DC}.Release|Any CPU.ActiveCfg = Release|Any CPU
		{B6DA674F-598E-4AD8-8791-ACC08C9E27DC}.Release|Any CPU.Build.0 = Release|Any CPU
		{B6DA674F-598E-4AD8-8791-ACC08C9E27DC}.Debug|iPhoneSimulator.ActiveCfg = Debug|Any CPU
		{B6DA674F-598E-4AD8-8791-ACC08C9E27DC}.Debug|iPhoneSimulator.Build.0 = Debug|Any CPU
		{B6DA674F-598E-4AD8-8791-ACC08C9E27DC}.Release|iPhone.ActiveCfg = Release|Any CPU
		{B6DA674F-598E-4AD8-8791-ACC08C9E27DC}.Release|iPhone.Build.0 = Release|Any CPU
		{B6DA674F-598E-4AD8-8791-ACC08C9E27DC}.Release|iPhoneSimulator.ActiveCfg = Release|Any CPU
		{B6DA674F-598E-4AD8-8791-ACC08C9E27DC}.Release|iPhoneSimulator.Build.0 = Release|Any CPU
		{B6DA674F-598E-4AD8-8791-ACC08C9E27DC}.Debug|iPhone.ActiveCfg = Debug|Any CPU
		{B6DA674F-598E-4AD8-8791-ACC08C9E27DC}.Debug|iPhone.Build.0 = Debug|Any CPU
		{53078905-1D15-4441-9B41-569DE902177F}.Debug|Any CPU.ActiveCfg = Debug|iPhoneSimulator
		{53078905-1D15-4441-9B41-569DE902177F}.Debug|Any CPU.Build.0 = Debug|iPhoneSimulator
		{53078905-1D15-4441-9B41-569DE902177F}.Release|Any CPU.ActiveCfg = Release|iPhone
		{53078905-1D15-4441-9B41-569DE902177F}.Release|Any CPU.Build.0 = Release|iPhone
		{53078905-1D15-4441-9B41-569DE902177F}.Debug|iPhoneSimulator.ActiveCfg = Debug|iPhoneSimulator
		{53078905-1D15-4441-9B41-569DE902177F}.Debug|iPhoneSimulator.Build.0 = Debug|iPhoneSimulator
		{53078905-1D15-4441-9B41-569DE902177F}.Release|iPhone.ActiveCfg = Release|iPhone
		{53078905-1D15-4441-9B41-569DE902177F}.Release|iPhone.Build.0 = Release|iPhone
		{53078905-1D15-4441-9B41-569DE902177F}.Release|iPhoneSimulator.ActiveCfg = Release|iPhoneSimulator
		{53078905-1D15-4441-9B41-569DE902177F}.Release|iPhoneSimulator.Build.0 = Release|iPhoneSimulator
		{53078905-1D15-4441-9B41-569DE902177F}.Debug|iPhone.ActiveCfg = Debug|iPhone
		{53078905-1D15-4441-9B41-569DE902177F}.Debug|iPhone.Build.0 = Debug|iPhone
	EndGlobalSection
EndGlobal
